{
  "name": "@tiinex/verse-native",
  "version": "0.1.0",
  "lockfileVersion": 3,
  "requires": true,
  "packages": {
    "": {
      "name": "@tiinex/verse-native",
      "version": "0.1.0",
      "license": "Apache-2.0",
      "devDependencies": {
        "@tiinex/core": "0.1.1"
      },
      "engines": {
        "node": ">=22.14"
      },
      "private": false
    },
    "node_modules/@tiinex/core": {
      "version": "0.1.1",
      "license": "Apache-2.0",
      "engines": {
        "node": ">=22.14"
      },
      "resolved": "https://registry.npmjs.org/@tiinex/core/-/core-0.1.1.tgz"
    }
  }
}
